
Microsoft Visual Studio Solution File, Format Version 12.00
# Visual Studio Version 16
VisualStudioVersion = 16.0.31424.327
MinimumVisualStudioVersion = 10.0.40219.1
Project("{FAE04EC0-301F-11D3-BF4B-00C04F79EFBC}") = "iw4-zone-asset-finder", "iw4-zone-asset-finder\iw4-zone-asset-finder.csproj", "{61E61075-537E-44DF-A9B9-078DAB3E2949}"
EndProject
Project("{9A19103F-16F7-4668-BE54-9A1E7A4F7556}") = "LouveSystems.CommandLineInterface", "CommandLineInterface\LouveSystems.CommandLineInterface.csproj", "{AFC77677-384F-4DBA-9D62-8484B4AFBA97}"
EndProject
Global
	GlobalSection(SolutionConfigurationPlatforms) = preSolution
		Debug|Any CPU = Debug|Any CPU
		Release|Any CPU = Release|Any CPU
	EndGlobalSection
	GlobalSection(ProjectConfigurationPlatforms) = postSolution
		{61E61075-537E-44DF-A9B9-078DAB3E2949}.Debug|Any CPU.ActiveCfg = Debug|Any CPU
		{61E61075-537E-44DF-A9B9-078DAB3E2949}.Debug|Any CPU.Build.0 = Debug|Any CPU
		{61E61075-537E-44DF-A9B9-078DAB3E2949}.Release|Any CPU.ActiveCfg = Release|Any CPU
		{61E61075-537E-44DF-A9B9-078DAB3E2949}.Release|Any CPU.Build.0 = Release|Any CPU
		{AFC77677-384F-4DBA-9D62-8484B4AFBA97}.Debug|Any CPU.ActiveCfg = Debug|Any CPU
		{AFC77677-384F-4DBA-9D62-8484B4AFBA97}.Debug|Any CPU.Build.0 = Debug|Any CPU
		{AFC77677-384F-4DBA-9D62-8484B4AFBA97}.Release|Any CPU.ActiveCfg = Release|Any CPU
		{AFC77677-384F-4DBA-9D62-8484B4AFBA97}.Release|Any CPU.Build.0 = Release|Any CPU
	EndGlobalSection
	GlobalSection(SolutionProperties) = preSolution
		HideSolutionNode = FALSE
	EndGlobalSection
	GlobalSection(ExtensibilityGlobals) = postSolution
		SolutionGuid = {1047545D-F67C-4E48-A3FC-3646913F7519}
	EndGlobalSection
EndGlobal
